
Microsoft Visual Studio Solution File, Format Version 12.00
# Visual Studio Version 17
VisualStudioVersion = 17.0.31903.59
MinimumVisualStudioVersion = 10.0.40219.1
Project("{FAE04EC0-301F-11D3-BF4B-00C04F79EFBC}") = "TypeOTK", "TypeOTK\TypeOTK.csproj", "{5EFBD2ED-43ED-45C0-8A15-AA7C976C273C}"
EndProject
Project("{FAE04EC0-301F-11D3-BF4B-00C04F79EFBC}") = "TypeDTK", "TypeDTK\TypeDTK.csproj", "{C0D74895-FA8F-4FC1-9537-4F3DDEF2E2FF}"
EndProject
Project("{FAE04EC0-301F-11D3-BF4B-00C04F79EFBC}") = "TypeOTKTest", "TypeOTKTest\TypeOTKTest.csproj", "{3AA684DC-1785-4E78-B1FC-D5F7D412A958}"
EndProject
Project("{FAE04EC0-301F-11D3-BF4B-00C04F79EFBC}") = "TypeOCore", "..\typeocore\TypeOCore\TypeOCore.csproj", "{4A798BA8-9492-40BA-98A2-A6D9DF6BF02E}"
EndProject
Global
	GlobalSection(SolutionConfigurationPlatforms) = preSolution
		Debug|Any CPU = Debug|Any CPU
		Release|Any CPU = Release|Any CPU
	EndGlobalSection
	GlobalSection(SolutionProperties) = preSolution
		HideSolutionNode = FALSE
	EndGlobalSection
	GlobalSection(ProjectConfigurationPlatforms) = postSolution
		{5EFBD2ED-43ED-45C0-8A15-AA7C976C273C}.Debug|Any CPU.ActiveCfg = Debug|Any CPU
		{5EFBD2ED-43ED-45C0-8A15-AA7C976C273C}.Debug|Any CPU.Build.0 = Debug|Any CPU
		{5EFBD2ED-43ED-45C0-8A15-AA7C976C273C}.Release|Any CPU.ActiveCfg = Release|Any CPU
		{5EFBD2ED-43ED-45C0-8A15-AA7C976C273C}.Release|Any CPU.Build.0 = Release|Any CPU
		{C0D74895-FA8F-4FC1-9537-4F3DDEF2E2FF}.Debug|Any CPU.ActiveCfg = Debug|Any CPU
		{C0D74895-FA8F-4FC1-9537-4F3DDEF2E2FF}.Debug|Any CPU.Build.0 = Debug|Any CPU
		{C0D74895-FA8F-4FC1-9537-4F3DDEF2E2FF}.Release|Any CPU.ActiveCfg = Release|Any CPU
		{C0D74895-FA8F-4FC1-9537-4F3DDEF2E2FF}.Release|Any CPU.Build.0 = Release|Any CPU
		{3AA684DC-1785-4E78-B1FC-D5F7D412A958}.Debug|Any CPU.ActiveCfg = Debug|Any CPU
		{3AA684DC-1785-4E78-B1FC-D5F7D412A958}.Debug|Any CPU.Build.0 = Debug|Any CPU
		{3AA684DC-1785-4E78-B1FC-D5F7D412A958}.Release|Any CPU.ActiveCfg = Release|Any CPU
		{3AA684DC-1785-4E78-B1FC-D5F7D412A958}.Release|Any CPU.Build.0 = Release|Any CPU
		{4A798BA8-9492-40BA-98A2-A6D9DF6BF02E}.Debug|Any CPU.ActiveCfg = Debug|Any CPU
		{4A798BA8-9492-40BA-98A2-A6D9DF6BF02E}.Debug|Any CPU.Build.0 = Debug|Any CPU
		{4A798BA8-9492-40BA-98A2-A6D9DF6BF02E}.Release|Any CPU.ActiveCfg = Release|Any CPU
		{4A798BA8-9492-40BA-98A2-A6D9DF6BF02E}.Release|Any CPU.Build.0 = Release|Any CPU
	EndGlobalSection
EndGlobal
